// !$*UTF8*$!
{
	archiveVersion = 1;
	classes = {
	};
	objectVersion = 48;
	objects = {

/* Begin PBXBuildFile section */
		BA93A5351F9F131700522102 /* ToDoItemTableViewController.m in Sources */ = {isa = PBXBuildFile; fileRef = BA93A5341F9F131700522102 /* ToDoItemTableViewController.m */; };
		BACF81331F9F2885009DADFA /* ToDoItem.m in Sources */ = {isa = PBXBuildFile; fileRef = BACF81321F9F2885009DADFA /* ToDoItem.m */; };
		BAF821BA1F9E01DD00056B59 /* AppDelegate.m in Sources */ = {isa = PBXBuildFile; fileRef = BAF821B91F9E01DD00056B59 /* AppDelegate.m */; };
		BAF821BD1F9E01DD00056B59 /* ViewController.m in Sources */ = {isa = PBXBuildFile; fileRef = BAF821BC1F9E01DD00056B59 /* ViewController.m */; };
		BAF821C01F9E01DD00056B59 /* Main.storyboard in Resources */ = {isa = PBXBuildFile; fileRef = BAF821BE1F9E01DD00056B59 /* Main.storyboard */; };
		BAF821C21F9E01DD00056B59 /* Assets.xcassets in Resources */ = {isa = PBXBuildFile; fileRef = BAF821C11F9E01DD00056B59 /* Assets.xcassets */; };
		BAF821C51F9E01DD00056B59 /* LaunchScreen.storyboard in Resources */ = {isa = PBXBuildFile; fileRef = BAF821C31F9E01DD00056B59 /* LaunchScreen.storyboard */; };
		BAF821C81F9E01DD00056B59 /* main.m in Sources */ = {isa = PBXBuildFile; fileRef = BAF821C71F9E01DD00056B59 /* main.m */; };
		BAF821D21F9E01DD00056B59 /* ToDoListTests.m in Sources */ = {isa = PBXBuildFile; fileRef = BAF821D11F9E01DD00056B59 /* ToDoListTests.m */; };
		BAF821DD1F9E01DD00056B59 /* ToDoListUITests.m in Sources */ = {isa = PBXBuildFile; fileRef = BAF821DC1F9E01DD00056B59 /* ToDoListUITests.m */; };
/* End PBXBuildFile section */

/* Begin PBXContainerItemProxy section */
		BAF821CE1F9E01DD00056B59 /* PBXContainerItemProxy */ = {
			isa = PBXContainerItemProxy;
			containerPortal = BAF821AD1F9E01DD00056B59 /* Project object */;
			proxyType = 1;
			remoteGlobalIDString = BAF821B41F9E01DD00056B59;
			remoteInfo = ToDoList;
		};
		BAF821D91F9E01DD00056B59 /* PBXContainerItemProxy */ = {
			isa = PBXContainerItemProxy;
			containerPortal = BAF821AD1F9E01DD00056B59 /* Project object */;
			proxyType = 1;
			remoteGlobalIDString = BAF821B41F9E01DD00056B59;
			remoteInfo = ToDoList;
		};
/* End PBXContainerItemProxy section */

/* Begin PBXFileReference section */
		BA93A5331F9F131700522102 /* ToDoItemTableViewController.h */ = {isa = PBXFileReference; lastKnownFileType = sourcecode.c.h; path = ToDoItemTableViewController.h; sourceTree = "<group>"; };
		BA93A5341F9F131700522102 /* ToDoItemTableViewController.m */ = {isa = PBXFileReference; lastKnownFileType = sourcecode.c.objc; path = ToDoItemTableViewController.m; sourceTree = "<group>"; };
		BA93A5361F9F144A00522102 /* README.md */ = {isa = PBXFileReference; lastKnownFileType = net.daringfireball.markdown; name = README.md; path = ../Doc/README.md; sourceTree = "<group>"; };
		BACF81311F9F2885009DADFA /* ToDoItem.h */ = {isa = PBXFileReference; lastKnownFileType = sourcecode.c.h; path = ToDoItem.h; sourceTree = "<group>"; };
		BACF81321F9F2885009DADFA /* ToDoItem.m */ = {isa = PBXFileReference; lastKnownFileType = sourcecode.c.objc; path = ToDoItem.m; sourceTree = "<group>"; };
		BAF821B51F9E01DD00056B59 /* ToDoList.app */ = {isa = PBXFileReference; explicitFileType = wrapper.application; includeInIndex = 0; path = ToDoList.app; sourceTree = BUILT_PRODUCTS_DIR; };
		BAF821B81F9E01DD00056B59 /* AppDelegate.h */ = {isa = PBXFileReference; lastKnownFileType = sourcecode.c.h; path = AppDelegate.h; sourceTree = "<group>"; };
		BAF821B91F9E01DD00056B59 /* AppDelegate.m */ = {isa = PBXFileReference; lastKnownFileType = sourcecode.c.objc; path = AppDelegate.m; sourceTree = "<group>"; };
		BAF821BB1F9E01DD00056B59 /* ViewController.h */ = {isa = PBXFileReference; lastKnownFileType = sourcecode.c.h; path = ViewController.h; sourceTree = "<group>"; };
		BAF821BC1F9E01DD00056B59 /* ViewController.m */ = {isa = PBXFileReference; lastKnownFileType = sourcecode.c.objc; path = ViewController.m; sourceTree = "<group>"; };
		BAF821BF1F9E01DD00056B59 /* Base */ = {isa = PBXFileReference; lastKnownFileType = file.storyboard; name = Base; path = Base.lproj/Main.storyboard; sourceTree = "<group>"; };
		BAF821C11F9E01DD00056B59 /* Assets.xcassets */ = {isa = PBXFileReference; lastKnownFileType = folder.assetcatalog; path = Assets.xcassets; sourceTree = "<group>"; };
		BAF821C41F9E01DD00056B59 /* Base */ = {isa = PBXFileReference; lastKnownFileType = file.storyboard; name = Base; path = Base.lproj/LaunchScreen.storyboard; sourceTree = "<group>"; };
		BAF821C61F9E01DD00056B59 /* Info.plist */ = {isa = PBXFileReference; lastKnownFileType = text.plist.xml; path = Info.plist; sourceTree = "<group>"; };
		BAF821C71F9E01DD00056B59 /* main.m */ = {isa = PBXFileReference; lastKnownFileType = sourcecode.c.objc; path = main.m; sourceTree = "<group>"; };
		BAF821CD1F9E01DD00056B59 /* ToDoListTests.xctest */ = {isa = PBXFileReference; explicitFileType = wrapper.cfbundle; includeInIndex = 0; path = ToDoListTests.xctest; sourceTree = BUILT_PRODUCTS_DIR; };
		BAF821D11F9E01DD00056B59 /* ToDoListTests.m */ = {isa = PBXFileReference; lastKnownFileType = sourcecode.c.objc; path = ToDoListTests.m; sourceTree = "<group>"; };
		BAF821D31F9E01DD00056B59 /* Info.plist */ = {isa = PBXFileReference; lastKnownFileType = text.plist.xml; path = Info.plist; sourceTree = "<group>"; };
		BAF821D81F9E01DD00056B59 /* ToDoListUITests.xctest */ = {isa = PBXFileReference; explicitFileType = wrapper.cfbundle; includeInIndex = 0; path = ToDoListUITests.xctest; sourceTree = BUILT_PRODUCTS_DIR; };
		BAF821DC1F9E01DD00056B59 /* ToDoListUITests.m */ = {isa = PBXFileReference; lastKnownFileType = sourcecode.c.objc; path = ToDoListUITests.m; sourceTree = "<group>"; };
		BAF821DE1F9E01DD00056B59 /* Info.plist */ = {isa = PBXFileReference; lastKnownFileType = text.plist.xml; path = Info.plist; sourceTree = "<group>"; };
/* End PBXFileReference section */

/* Begin PBXFrameworksBuildPhase section */
		BAF821B21F9E01DD00056B59 /* Frameworks */ = {
			isa = PBXFrameworksBuildPhase;
			buildActionMask = 2147483647;
			files = (
			);
			runOnlyForDeploymentPostprocessing = 0;
		};
		BAF821CA1F9E01DD00056B59 /* Frameworks */ = {
			isa = PBXFrameworksBuildPhase;
			buildActionMask = 2147483647;
			files = (
			);
			runOnlyForDeploymentPostprocessing = 0;
		};
		BAF821D51F9E01DD00056B59 /* Frameworks */ = {
			isa = PBXFrameworksBuildPhase;
			buildActionMask = 2147483647;
			files = (
			);
			runOnlyForDeploymentPostprocessing = 0;
		};
/* End PBXFrameworksBuildPhase section */

/* Begin PBXGroup section */
		BAF821AC1F9E01DD00056B59 = {
			isa = PBXGroup;
			children = (
				BAF821B71F9E01DD00056B59 /* ToDoList */,
				BAF821D01F9E01DD00056B59 /* ToDoListTests */,
				BAF821DB1F9E01DD00056B59 /* ToDoListUITests */,
				BAF821B61F9E01DD00056B59 /* Products */,
				BA93A5361F9F144A00522102 /* README.md */,
			);
			sourceTree = "<group>";
		};
		BAF821B61F9E01DD00056B59 /* Products */ = {
			isa = PBXGroup;
			children = (
				BAF821B51F9E01DD00056B59 /* ToDoList.app */,
				BAF821CD1F9E01DD00056B59 /* ToDoListTests.xctest */,
				BAF821D81F9E01DD00056B59 /* ToDoListUITests.xctest */,
			);
			name = Products;
			sourceTree = "<group>";
		};
		BAF821B71F9E01DD00056B59 /* ToDoList */ = {
			isa = PBXGroup;
			children = (
				BAF821B81F9E01DD00056B59 /* AppDelegate.h */,
				BAF821B91F9E01DD00056B59 /* AppDelegate.m */,
				BAF821BB1F9E01DD00056B59 /* ViewController.h */,
				BAF821BC1F9E01DD00056B59 /* ViewController.m */,
				BAF821BE1F9E01DD00056B59 /* Main.storyboard */,
				BAF821C11F9E01DD00056B59 /* Assets.xcassets */,
				BAF821C31F9E01DD00056B59 /* LaunchScreen.storyboard */,
				BAF821C61F9E01DD00056B59 /* Info.plist */,
				BAF821C71F9E01DD00056B59 /* main.m */,
				BA93A5331F9F131700522102 /* ToDoItemTableViewController.h */,
				BA93A5341F9F131700522102 /* ToDoItemTableViewController.m */,
				BACF81311F9F2885009DADFA /* ToDoItem.h */,
				BACF81321F9F2885009DADFA /* ToDoItem.m */,
			);
			path = ToDoList;
			sourceTree = "<group>";
		};
		BAF821D01F9E01DD00056B59 /* ToDoListTests */ = {
			isa = PBXGroup;
			children = (
				BAF821D11F9E01DD00056B59 /* ToDoListTests.m */,
				BAF821D31F9E01DD00056B59 /* Info.plist */,
			);
			path = ToDoListTests;
			sourceTree = "<group>";
		};
		BAF821DB1F9E01DD00056B59 /* ToDoListUITests */ = {
			isa = PBXGroup;
			children = (
				BAF821DC1F9E01DD00056B59 /* ToDoListUITests.m */,
				BAF821DE1F9E01DD00056B59 /* Info.plist */,
			);
			path = ToDoListUITests;
			sourceTree = "<group>";
		};
/* End PBXGroup section */

/* Begin PBXNativeTarget section */
		BAF821B41F9E01DD00056B59 /* ToDoList */ = {
			isa = PBXNativeTarget;
			buildConfigurationList = BAF821E11F9E01DD00056B59 /* Build configuration list for PBXNativeTarget "ToDoList" */;
			buildPhases = (
				BAF821B11F9E01DD00056B59 /* Sources */,
				BAF821B21F9E01DD00056B59 /* Frameworks */,
				BAF821B31F9E01DD00056B59 /* Resources */,
			);
			buildRules = (
			);
			dependencies = (
			);
			name = ToDoList;
			productName = ToDoList;
			productReference = BAF821B51F9E01DD00056B59 /* ToDoList.app */;
			productType = "com.apple.product-type.application";
		};
		BAF821CC1F9E01DD00056B59 /* ToDoListTests */ = {
			isa = PBXNativeTarget;
			buildConfigurationList = BAF821E41F9E01DD00056B59 /* Build configuration list for PBXNativeTarget "ToDoListTests" */;
			buildPhases = (
				BAF821C91F9E01DD00056B59 /* Sources */,
				BAF821CA1F9E01DD00056B59 /* Frameworks */,
				BAF821CB1F9E01DD00056B59 /* Resources */,
			);
			buildRules = (
			);
			dependencies = (
				BAF821CF1F9E01DD00056B59 /* PBXTargetDependency */,
			);
			name = ToDoListTests;
			productName = ToDoListTests;
			productReference = BAF821CD1F9E01DD00056B59 /* ToDoListTests.xctest */;
			productType = "com.apple.product-type.bundle.unit-test";
		};
		BAF821D71F9E01DD00056B59 /* ToDoListUITests */ = {
			isa = PBXNativeTarget;
			buildConfigurationList = BAF821E71F9E01DD00056B59 /* Build configuration list for PBXNativeTarget "ToDoListUITests" */;
			buildPhases = (
				BAF821D41F9E01DD00056B59 /* Sources */,
				BAF821D51F9E01DD00056B59 /* Frameworks */,
				BAF821D61F9E01DD00056B59 /* Resources */,
			);
			buildRules = (
			);
			dependencies = (
				BAF821DA1F9E01DD00056B59 /* PBXTargetDependency */,
			);
			name = ToDoListUITests;
			productName = ToDoListUITests;
			productReference = BAF821D81F9E01DD00056B59 /* ToDoListUITests.xctest */;
			productType = "com.apple.product-type.bundle.ui-testing";
		};
/* End PBXNativeTarget section */

/* Begin PBXProject section */
		BAF821AD1F9E01DD00056B59 /* Project object */ = {
			isa = PBXProject;
			attributes = {
				LastUpgradeCheck = 0900;
				ORGANIZATIONNAME = liyan;
				TargetAttributes = {
					BAF821B41F9E01DD00056B59 = {
						CreatedOnToolsVersion = 9.0.1;
						ProvisioningStyle = Automatic;
					};
					BAF821CC1F9E01DD00056B59 = {
						CreatedOnToolsVersion = 9.0.1;
						ProvisioningStyle = Automatic;
						TestTargetID = BAF821B41F9E01DD00056B59;
					};
					BAF821D71F9E01DD00056B59 = {
						CreatedOnToolsVersion = 9.0.1;
						ProvisioningStyle = Automatic;
						TestTargetID = BAF821B41F9E01DD00056B59;
					};
				};
			};
			buildConfigurationList = BAF821B01F9E01DD00056B59 /* Build configuration list for PBXProject "ToDoList" */;
			compatibilityVersion = "Xcode 8.0";
			developmentRegion = en;
			hasScannedForEncodings = 0;
			knownRegions = (
				en,
				Base,
			);
			mainGroup = BAF821AC1F9E01DD00056B59;
			productRefGroup = BAF821B61F9E01DD00056B59 /* Products */;
			projectDirPath = "";
			projectRoot = "";
			targets = (
				BAF821B41F9E01DD00056B59 /* ToDoList */,
				BAF821CC1F9E01DD00056B59 /* ToDoListTests */,
				BAF821D71F9E01DD00056B59 /* ToDoListUITests */,
			);
		};
/* End PBXProject section */

/* Begin PBXResourcesBuildPhase section */
		BAF821B31F9E01DD00056B59 /* Resources */ = {
			isa = PBXResourcesBuildPhase;
			buildActionMask = 2147483647;
			files = (
				BAF821C51F9E01DD00056B59 /* LaunchScreen.storyboard in Resources */,
				BAF821C21F9E01DD00056B59 /* Assets.xcassets in Resources */,
				BAF821C01F9E01DD00056B59 /* Main.storyboard in Resources */,
			);
			runOnlyForDeploymentPostprocessing = 0;
		};
		BAF821CB1F9E01DD00056B59 /* Resources */ = {
			isa = PBXResourcesBuildPhase;
			buildActionMask = 2147483647;
			files = (
			);
			runOnlyForDeploymentPostprocessing = 0;
		};
		BAF821D61F9E01DD00056B59 /* Resources */ = {
			isa = PBXResourcesBuildPhase;
			buildActionMask = 2147483647;
			files = (
			);
			runOnlyForDeploymentPostprocessing = 0;
		};
/* End PBXResourcesBuildPhase section */

/* Begin PBXSourcesBuildPhase section */
		BAF821B11F9E01DD00056B59 /* Sources */ = {
			isa = PBXSourcesBuildPhase;
			buildActionMask = 2147483647;
			files = (
				BA93A5351F9F131700522102 /* ToDoItemTableViewController.m in Sources */,
				BACF81331F9F2885009DADFA /* ToDoItem.m in Sources */,
				BAF821BD1F9E01DD00056B59 /* ViewController.m in Sources */,
				BAF821C81F9E01DD00056B59 /* main.m in Sources */,
				BAF821BA1F9E01DD00056B59 /* AppDelegate.m in Sources */,
			);
			runOnlyForDeploymentPostprocessing = 0;
		};
		BAF821C91F9E01DD00056B59 /* Sources */ = {
			isa = PBXSourcesBuildPhase;
			buildActionMask = 2147483647;
			files = (
				BAF821D21F9E01DD00056B59 /* ToDoListTests.m in Sources */,
			);
			runOnlyForDeploymentPostprocessing = 0;
		};
		BAF821D41F9E01DD00056B59 /* Sources */ = {
			isa = PBXSourcesBuildPhase;
			buildActionMask = 2147483647;
			files = (
				BAF821DD1F9E01DD00056B59 /* ToDoListUITests.m in Sources */,
			);
			runOnlyForDeploymentPostprocessing = 0;
		};
/* End PBXSourcesBuildPhase section */

/* Begin PBXTargetDependency section */
		BAF821CF1F9E01DD00056B59 /* PBXTargetDependency */ = {
			isa = PBXTargetDependency;
			target = BAF821B41F9E01DD00056B59 /* ToDoList */;
			targetProxy = BAF821CE1F9E01DD00056B59 /* PBXContainerItemProxy */;
		};
		BAF821DA1F9E01DD00056B59 /* PBXTargetDependency */ = {
			isa = PBXTargetDependency;
			target = BAF821B41F9E01DD00056B59 /* ToDoList */;
			targetProxy = BAF821D91F9E01DD00056B59 /* PBXContainerItemProxy */;
		};
/* End PBXTargetDependency section */

/* Begin PBXVariantGroup section */
		BAF821BE1F9E01DD00056B59 /* Main.storyboard */ = {
			isa = PBXVariantGroup;
			children = (
				BAF821BF1F9E01DD00056B59 /* Base */,
			);
			name = Main.storyboard;
			sourceTree = "<group>";
		};
		BAF821C31F9E01DD00056B59 /* LaunchScreen.storyboard */ = {
			isa = PBXVariantGroup;
			children = (
				BAF821C41F9E01DD00056B59 /* Base */,
			);
			name = LaunchScreen.storyboard;
			sourceTree = "<group>";
		};
/* End PBXVariantGroup section */

/* Begin XCBuildConfiguration section */
		BAF821DF1F9E01DD00056B59 /* Debug */ = {
			isa = XCBuildConfiguration;
			buildSettings = {
				ALWAYS_SEARCH_USER_PATHS = NO;
				CLANG_ANALYZER_NONNULL = YES;
				CLANG_ANALYZER_NUMBER_OBJECT_CONVERSION = YES_AGGRESSIVE;
				CLANG_CXX_LANGUAGE_STANDARD = "gnu++14";
				CLANG_CXX_LIBRARY = "libc++";
				CLANG_ENABLE_MODULES = YES;
				CLANG_ENABLE_OBJC_ARC = YES;
				CLANG_WARN_BLOCK_CAPTURE_AUTORELEASING = YES;
				CLANG_WARN_BOOL_CONVERSION = YES;
				CLANG_WARN_COMMA = YES;
				CLANG_WARN_CONSTANT_CONVERSION = YES;
				CLANG_WARN_DIRECT_OBJC_ISA_USAGE = YES_ERROR;
				CLANG_WARN_DOCUMENTATION_COMMENTS = YES;
				CLANG_WARN_EMPTY_BODY = YES;
				CLANG_WARN_ENUM_CONVERSION = YES;
				CLANG_WARN_INFINITE_RECURSION = YES;
				CLANG_WARN_INT_CONVERSION = YES;
				CLANG_WARN_NON_LITERAL_NULL_CONVERSION = YES;
				CLANG_WARN_OBJC_LITERAL_CONVERSION = YES;
				CLANG_WARN_OBJC_ROOT_CLASS = YES_ERROR;
				CLANG_WARN_RANGE_LOOP_ANALYSIS = YES;
				CLANG_WARN_STRICT_PROTOTYPES = YES;
				CLANG_WARN_SUSPICIOUS_MOVE = YES;
				CLANG_WARN_UNGUARDED_AVAILABILITY = YES_AGGRESSIVE;
				CLANG_WARN_UNREACHABLE_CODE = YES;
				CLANG_WARN__DUPLICATE_METHOD_MATCH = YES;
				CODE_SIGN_IDENTITY = "iPhone Developer";
				COPY_PHASE_STRIP = NO;
				DEBUG_INFORMATION_FORMAT = dwarf;
				ENABLE_STRICT_OBJC_MSGSEND = YES;
				ENABLE_TESTABILITY = YES;
				GCC_C_LANGUAGE_STANDARD = gnu11;
				GCC_DYNAMIC_NO_PIC = NO;
				GCC_NO_COMMON_BLOCKS = YES;
				GCC_OPTIMIZATION_LEVEL = 0;
				GCC_PREPROCESSOR_DEFINITIONS = (
					"DEBUG=1",
					"$(inherited)",
				);
				GCC_WARN_64_TO_32_BIT_CONVERSION = YES;
				GCC_WARN_ABOUT_RETURN_TYPE = YES_ERROR;
				GCC_WARN_UNDECLARED_SELECTOR = YES;
				GCC_WARN_UNINITIALIZED_AUTOS = YES_AGGRESSIVE;
				GCC_WARN_UNUSED_FUNCTION = YES;
				GCC_WARN_UNUSED_VARIABLE = YES;
				IPHONEOS_DEPLOYMENT_TARGET = 11.0;
				MTL_ENABLE_DEBUG_INFO = YES;
				ONLY_ACTIVE_ARCH = YES;
				SDKROOT = iphoneos;
			};
			name = Debug;
		};
		BAF821E01F9E01DD00056B59 /* Release */ = {
			isa = XCBuildConfiguration;
			buildSettings = {
				ALWAYS_SEARCH_USER_PATHS = NO;
				CLANG_ANALYZER_NONNULL = YES;
				CLANG_ANALYZER_NUMBER_OBJECT_CONVERSION = YES_AGGRESSIVE;
				CLANG_CXX_LANGUAGE_STANDARD = "gnu++14";
				CLANG_CXX_LIBRARY = "libc++";
				CLANG_ENABLE_MODULES = YES;
				CLANG_ENABLE_OBJC_ARC = YES;
				CLANG_WARN_BLOCK_CAPTURE_AUTORELEASING = YES;
				CLANG_WARN_BOOL_CONVERSION = YES;
				CLANG_WARN_COMMA = YES;
				CLANG_WARN_CONSTANT_CONVERSION = YES;
				CLANG_WARN_DIRECT_OBJC_ISA_USAGE = YES_ERROR;
				CLANG_WARN_DOCUMENTATION_COMMENTS = YES;
				CLANG_WARN_EMPTY_BODY = YES;
				CLANG_WARN_ENUM_CONVERSION = YES;
				CLANG_WARN_INFINITE_RECURSION = YES;
				CLANG_WARN_INT_CONVERSION = YES;
				CLANG_WARN_NON_LITERAL_NULL_CONVERSION = YES;
				CLANG_WARN_OBJC_LITERAL_CONVERSION = YES;
				CLANG_WARN_OBJC_ROOT_CLASS = YES_ERROR;
				CLANG_WARN_RANGE_LOOP_ANALYSIS = YES;
				CLANG_WARN_STRICT_PROTOTYPES = YES;
				CLANG_WARN_SUSPICIOUS_MOVE = YES;
				CLANG_WARN_UNGUARDED_AVAILABILITY = YES_AGGRESSIVE;
				CLANG_WARN_UNREACHABLE_CODE = YES;
				CLANG_WARN__DUPLICATE_METHOD_MATCH = YES;
				CODE_SIGN_IDENTITY = "iPhone Developer";
				COPY_PHASE_STRIP = NO;
				DEBUG_INFORMATION_FORMAT = "dwarf-with-dsym";
				ENABLE_NS_ASSERTIONS = NO;
				ENABLE_STRICT_OBJC_MSGSEND = YES;
				GCC_C_LANGUAGE_STANDARD = gnu11;
				GCC_NO_COMMON_BLOCKS = YES;
				GCC_WARN_64_TO_32_BIT_CONVERSION = YES;
				GCC_WARN_ABOUT_RETURN_TYPE = YES_ERROR;
				GCC_WARN_UNDECLARED_SELECTOR = YES;
				GCC_WARN_UNINITIALIZED_AUTOS = YES_AGGRESSIVE;
				GCC_WARN_UNUSED_FUNCTION = YES;
				GCC_WARN_UNUSED_VARIABLE = YES;
				IPHONEOS_DEPLOYMENT_TARGET = 11.0;
				MTL_ENABLE_DEBUG_INFO = NO;
				SDKROOT = iphoneos;
				VALIDATE_PRODUCT = YES;
			};
			name = Release;
		};
		BAF821E21F9E01DD00056B59 /* Debug */ = {
			isa = XCBuildConfiguration;
			buildSettings = {
				ASSETCATALOG_COMPILER_APPICON_NAME = AppIcon;
				CODE_SIGN_STYLE = Automatic;
				DEVELOPMENT_TEAM = YANGM2P8L9;
				INFOPLIST_FILE = ToDoList/Info.plist;
				LD_RUNPATH_SEARCH_PATHS = "$(inherited) @executable_path/Frameworks";
				PRODUCT_BUNDLE_IDENTIFIER = com.li3huo.demo.ToDoList;
				PRODUCT_NAME = "$(TARGET_NAME)";
				TARGETED_DEVICE_FAMILY = "1,2";
			};
			name = Debug;
		};
		BAF821E31F9E01DD00056B59 /* Release */ = {
			isa = XCBuildConfiguration;
			buildSettings = {
				ASSETCATALOG_COMPILER_APPICON_NAME = AppIcon;
				CODE_SIGN_STYLE = Automatic;
				DEVELOPMENT_TEAM = YANGM2P8L9;
				INFOPLIST_FILE = ToDoList/Info.plist;
				LD_RUNPATH_SEARCH_PATHS = "$(inherited) @executable_path/Frameworks";
				PRODUCT_BUNDLE_IDENTIFIER = com.li3huo.demo.ToDoList;
				PRODUCT_NAME = "$(TARGET_NAME)";
				TARGETED_DEVICE_FAMILY = "1,2";
			};
			name = Release;
		};
		BAF821E51F9E01DD00056B59 /* Debug */ = {
			isa = XCBuildConfiguration;
			buildSettings = {
				BUNDLE_LOADER = "$(TEST_HOST)";
				CODE_SIGN_STYLE = Automatic;
				DEVELOPMENT_TEAM = YANGM2P8L9;
				INFOPLIST_FILE = ToDoListTests/Info.plist;
				LD_RUNPATH_SEARCH_PATHS = "$(inherited) @executable_path/Frameworks @loader_path/Frameworks";
				PRODUCT_BUNDLE_IDENTIFIER = com.li3huo.demo.ToDoListTests;
				PRODUCT_NAME = "$(TARGET_NAME)";
				TARGETED_DEVICE_FAMILY = "1,2";
				TEST_HOST = "$(BUILT_PRODUCTS_DIR)/ToDoList.app/ToDoList";
			};
			name = Debug;
		};
		BAF821E61F9E01DD00056B59 /* Release */ = {
			isa = XCBuildConfiguration;
			buildSettings = {
				BUNDLE_LOADER = "$(TEST_HOST)";
				CODE_SIGN_STYLE = Automatic;
				DEVELOPMENT_TEAM = YANGM2P8L9;
				INFOPLIST_FILE = ToDoListTests/Info.plist;
				LD_RUNPATH_SEARCH_PATHS = "$(inherited) @executable_path/Frameworks @loader_path/Frameworks";
				PRODUCT_BUNDLE_IDENTIFIER = com.li3huo.demo.ToDoListTests;
				PRODUCT_NAME = "$(TARGET_NAME)";
				TARGETED_DEVICE_FAMILY = "1,2";
				TEST_HOST = "$(BUILT_PRODUCTS_DIR)/ToDoList.app/ToDoList";
			};
			name = Release;
		};
		BAF821E81F9E01DD00056B59 /* Debug */ = {
			isa = XCBuildConfiguration;
			buildSettings = {
				CODE_SIGN_STYLE = Automatic;
				DEVELOPMENT_TEAM = YANGM2P8L9;
				INFOPLIST_FILE = ToDoListUITests/Info.plist;
				LD_RUNPATH_SEARCH_PATHS = "$(inherited) @executable_path/Frameworks @loader_path/Frameworks";
				PRODUCT_BUNDLE_IDENTIFIER = com.li3huo.demo.ToDoListUITests;
				PRODUCT_NAME = "$(TARGET_NAME)";
				TARGETED_DEVICE_FAMILY = "1,2";
				TEST_TARGET_NAME = ToDoList;
			};
			name = Debug;
		};
		BAF821E91F9E01DD00056B59 /* Release */ = {
			isa = XCBuildConfiguration;
			buildSettings = {
				CODE_SIGN_STYLE = Automatic;
				DEVELOPMENT_TEAM = YANGM2P8L9;
				INFOPLIST_FILE = ToDoListUITests/Info.plist;
				LD_RUNPATH_SEARCH_PATHS = "$(inherited) @executable_path/Frameworks @loader_path/Frameworks";
				PRODUCT_BUNDLE_IDENTIFIER = com.li3huo.demo.ToDoListUITests;
				PRODUCT_NAME = "$(TARGET_NAME)";
				TARGETED_DEVICE_FAMILY = "1,2";
				TEST_TARGET_NAME = ToDoList;
			};
			name = Release;
		};
/* End XCBuildConfiguration section */

/* Begin XCConfigurationList section */
		BAF821B01F9E01DD00056B59 /* Build configuration list for PBXProject "ToDoList" */ = {
			isa = XCConfigurationList;
			buildConfigurations = (
				BAF821DF1F9E01DD00056B59 /* Debug */,
				BAF821E01F9E01DD00056B59 /* Release */,
			);
			defaultConfigurationIsVisible = 0;
			defaultConfigurationName = Release;
		};
		BAF821E11F9E01DD00056B59 /* Build configuration list for PBXNativeTarget "ToDoList" */ = {
			isa = XCConfigurationList;
			buildConfigurations = (
				BAF821E21F9E01DD00056B59 /* Debug */,
				BAF821E31F9E01DD00056B59 /* Release */,
			);
			defaultConfigurationIsVisible = 0;
			defaultConfigurationName = Release;
		};
		BAF821E41F9E01DD00056B59 /* Build configuration list for PBXNativeTarget "ToDoListTests" */ = {
			isa = XCConfigurationList;
			buildConfigurations = (
				BAF821E51F9E01DD00056B59 /* Debug */,
				BAF821E61F9E01DD00056B59 /* Release */,
			);
			defaultConfigurationIsVisible = 0;
			defaultConfigurationName = Release;
		};
		BAF821E71F9E01DD00056B59 /* Build configuration list for PBXNativeTarget "ToDoListUITests" */ = {
			isa = XCConfigurationList;
			buildConfigurations = (
				BAF821E81F9E01DD00056B59 /* Debug */,
				BAF821E91F9E01DD00056B59 /* Release */,
			);
			defaultConfigurationIsVisible = 0;
			defaultConfigurationName = Release;
		};
/* End XCConfigurationList section */
	};
	rootObject = BAF821AD1F9E01DD00056B59 /* Project object */;
}
